# THIS IS AN AUTOGENERATED FILE. DO NOT EDIT THIS FILE DIRECTLY.
# yarn lockfile v1


dotenv@^8.2.0:
  version "8.2.0"
  resolved "https://registry.yarnpkg.com/dotenv/-/dotenv-8.2.0.tgz#97e619259ada750eea3e4ea3e26bceea5424b16a"
  integrity sha512-8sJ78ElpbDJBHNeBzUbUVLsqKdccaa/BXF1uPTw3GrvQTBgrQrtObr2mUrE38vzYd8cEv+m/JBfDLioYcfXoaw==

messagepack@^1.1.12:
  version "1.1.12"
  resolved "https://registry.yarnpkg.com/messagepack/-/messagepack-1.1.12.tgz#64284d4c8f325582a8b0dafbdb2e550f01d9dcf6"
  integrity sha512-pNB6K4q4VMLRXdvlGZkTtQhmKFntvLisnOQnL0VhKpZooL8B8Wsv5TXuidIJil0bCH6V172p3+Onfyow0usPYQ==

ws@^7.4.3:
  version "7.4.3"
  resolved "https://registry.yarnpkg.com/ws/-/ws-7.4.3.tgz#1f9643de34a543b8edb124bdcbc457ae55a6e5cd"
  integrity sha512-hr6vCR76GsossIRsr8OLR9acVVm1jyfEWvhbNjtgPOrfvAlKzvyeg/P6r8RuDjRyrcQoPQT7K0DGEPc7Ae6jzA==
